
Microsoft Visual Studio Solution File, Format Version 12.00
# Visual Studio Version 17
VisualStudioVersion = 17.7.34031.279
MinimumVisualStudioVersion = 10.0.40219.1
Project("{FAE04EC0-301F-11D3-BF4B-00C04F79EFBC}") = "Fix-LCU-Window", "Fix-LCU-Window.csproj", "{4E9F5409-2D0B-40CC-9C76-A33C7C68B8E8}"
EndProject
Global
	GlobalSection(SolutionConfigurationPlatforms) = preSolution
		Debug|Any CPU = Debug|Any CPU
		Release|Any CPU = Release|Any CPU
	EndGlobalSection
	GlobalSection(ProjectConfigurationPlatforms) = postSolution
		{4E9F5409-2D0B-40CC-9C76-A33C7C68B8E8}.Debug|Any CPU.ActiveCfg = Debug|Any CPU
		{4E9F5409-2D0B-40CC-9C76-A33C7C68B8E8}.Debug|Any CPU.Build.0 = Debug|Any CPU
		{4E9F5409-2D0B-40CC-9C76-A33C7C68B8E8}.Release|Any CPU.ActiveCfg = Release|Any CPU
		{4E9F5409-2D0B-40CC-9C76-A33C7C68B8E8}.Release|Any CPU.Build.0 = Release|Any CPU
	EndGlobalSection
	GlobalSection(SolutionProperties) = preSolution
		HideSolutionNode = FALSE
	EndGlobalSection
	GlobalSection(ExtensibilityGlobals) = postSolution
		SolutionGuid = {503D08E3-02D3-4E50-8F1B-9DE2B05DB7D2}
	EndGlobalSection
EndGlobal
